
Microsoft Visual Studio Solution File, Format Version 12.00
# Visual Studio Version 17
VisualStudioVersion = 17.6.33723.286
MinimumVisualStudioVersion = 10.0.40219.1
Project("{FAE04EC0-301F-11D3-BF4B-00C04F79EFBC}") = "SchoolProject", "SchoolProject\SchoolProject.csproj", "{994B25E9-AA2B-4FCA-A7C3-ACAE222F2C1E}"
EndProject
Global
	GlobalSection(SolutionConfigurationPlatforms) = preSolution
		Debug|Any CPU = Debug|Any CPU
		Release|Any CPU = Release|Any CPU
	EndGlobalSection
	GlobalSection(ProjectConfigurationPlatforms) = postSolution
		{994B25E9-AA2B-4FCA-A7C3-ACAE222F2C1E}.Debug|Any CPU.ActiveCfg = Debug|Any CPU
		{994B25E9-AA2B-4FCA-A7C3-ACAE222F2C1E}.Debug|Any CPU.Build.0 = Debug|Any CPU
		{994B25E9-AA2B-4FCA-A7C3-ACAE222F2C1E}.Release|Any CPU.ActiveCfg = Release|Any CPU
		{994B25E9-AA2B-4FCA-A7C3-ACAE222F2C1E}.Release|Any CPU.Build.0 = Release|Any CPU
	EndGlobalSection
	GlobalSection(SolutionProperties) = preSolution
		HideSolutionNode = FALSE
	EndGlobalSection
	GlobalSection(ExtensibilityGlobals) = postSolution
		SolutionGuid = {7327605F-F4F1-4DFA-8C79-36950D8B2BA7}
	EndGlobalSection
EndGlobal
